
Microsoft Visual Studio Solution File, Format Version 12.00
# Visual Studio Version 17
VisualStudioVersion = 17.5.002.0
MinimumVisualStudioVersion = 10.0.40219.1
Project("{9A19103F-16F7-4668-BE54-9A1E7A4F7556}") = "ApiMockConsole", "ApiMockConsole.csproj", "{139048AF-6105-4E50-8179-EBC9E1AA6C4C}"
EndProject
Global
	GlobalSection(SolutionConfigurationPlatforms) = preSolution
		Debug|Any CPU = Debug|Any CPU
		Release|Any CPU = Release|Any CPU
	EndGlobalSection
	GlobalSection(ProjectConfigurationPlatforms) = postSolution
		{139048AF-6105-4E50-8179-EBC9E1AA6C4C}.Debug|Any CPU.ActiveCfg = Debug|Any CPU
		{139048AF-6105-4E50-8179-EBC9E1AA6C4C}.Debug|Any CPU.Build.0 = Debug|Any CPU
		{139048AF-6105-4E50-8179-EBC9E1AA6C4C}.Release|Any CPU.ActiveCfg = Release|Any CPU
		{139048AF-6105-4E50-8179-EBC9E1AA6C4C}.Release|Any CPU.Build.0 = Release|Any CPU
	EndGlobalSection
	GlobalSection(SolutionProperties) = preSolution
		HideSolutionNode = FALSE
	EndGlobalSection
	GlobalSection(ExtensibilityGlobals) = postSolution
		SolutionGuid = {B5C828B7-3FAA-4E1A-B4CF-1B70FF8FF203}
	EndGlobalSection
EndGlobal
